
Microsoft Visual Studio Solution File, Format Version 12.00
# Visual Studio Version 16
VisualStudioVersion = 16.0.29806.167
MinimumVisualStudioVersion = 10.0.40219.1
Project("{FAE04EC0-301F-11D3-BF4B-00C04F79EFBC}") = "zadanie_probne", "spoj-csharp\zadanie_probne.csproj", "{8079E290-F067-4530-8C19-06F68BB66D35}"
EndProject
Project("{FAE04EC0-301F-11D3-BF4B-00C04F79EFBC}") = "RNO_DOD", "RNO_DOD\RNO_DOD.csproj", "{0DBEEB38-44CA-4CEB-9741-ACD5D75BF66C}"
EndProject
Project("{FAE04EC0-301F-11D3-BF4B-00C04F79EFBC}") = "PRIME_T", "PRIME_T\PRIME_T.csproj", "{ECE3D79C-B502-43B9-971C-E83D72712DF9}"
EndProject
Project("{FAE04EC0-301F-11D3-BF4B-00C04F79EFBC}") = "VSR", "VSR\VSR.csproj", "{3C88DB5D-0A05-46DA-BE71-12138699A7D2}"
EndProject
Project("{FAE04EC0-301F-11D3-BF4B-00C04F79EFBC}") = "FCTRL3", "FCTRL3\FCTRL3.csproj", "{D81AE68E-0FB7-45B7-AFE7-2497455F11F7}"
EndProject
Project("{FAE04EC0-301F-11D3-BF4B-00C04F79EFBC}") = "PP0502B", "PP0502B\PP0502B.csproj", "{D8E04085-4F7F-4AA4-9F6B-60CAA218149D}"
EndProject
Project("{FAE04EC0-301F-11D3-BF4B-00C04F79EFBC}") = "POTSAM", "POTSAM\POTSAM.csproj", "{E3B3F5AE-CE71-4CDF-AD26-BF3C04C2B75B}"
EndProject
Project("{FAE04EC0-301F-11D3-BF4B-00C04F79EFBC}") = "PRZEDSZK", "PRZEDSZK\PRZEDSZK.csproj", "{6EAB4288-3102-4C6D-BDF9-9838895ACB13}"
EndProject
Project("{FAE04EC0-301F-11D3-BF4B-00C04F79EFBC}") = "SUMA", "SUMA\SUMA.csproj", "{297EA8A5-6648-4754-A0BF-089A4814BA68}"
EndProject
Project("{FAE04EC0-301F-11D3-BF4B-00C04F79EFBC}") = "MWPZ06X", "MWPZ06X\MWPZ06X.csproj", "{D26B9026-A18F-42AF-878A-9D308E315431}"
EndProject
Project("{FAE04EC0-301F-11D3-BF4B-00C04F79EFBC}") = "PTROL", "PTROL\PTROL.csproj", "{4D4A8E7D-82D0-4B9A-8384-F3200B9DA3DE}"
EndProject
Project("{FAE04EC0-301F-11D3-BF4B-00C04F79EFBC}") = "GLUTTON", "GLUTTON\GLUTTON.csproj", "{D35C4D10-E5D4-44F8-BF06-435BD7A66727}"
EndProject
Project("{FAE04EC0-301F-11D3-BF4B-00C04F79EFBC}") = "POL", "POL\POL.csproj", "{01232CFD-FE51-4D4F-893A-6E2C13718EE2}"
EndProject
Project("{FAE04EC0-301F-11D3-BF4B-00C04F79EFBC}") = "PP0601B", "PP0601B\PP0601B.csproj", "{BE9349E6-0336-461C-B277-44FA97B8B49E}"
EndProject
Project("{FAE04EC0-301F-11D3-BF4B-00C04F79EFBC}") = "ETI06F1", "ETI06F1\ETI06F1.csproj", "{8A94C717-D1E4-4B9B-B804-291CCDDAE2AB}"
EndProject
Project("{FAE04EC0-301F-11D3-BF4B-00C04F79EFBC}") = "PP0602A", "PP0602A\PP0602A.csproj", "{0425E34D-891F-46E5-AA2D-4FF8CDCDF82F}"
EndProject
Project("{FAE04EC0-301F-11D3-BF4B-00C04F79EFBC}") = "JPESEL", "JPESEL\JPESEL.csproj", "{DA28D020-F9FE-4186-99D6-0CE4E3C2F9D4}"
EndProject
Project("{8BC9CEB8-8B4A-11D0-8D11-00A0C91BC942}") = "EUCGAME_cpp", "EUCGAME_cpp\EUCGAME_cpp.vcxproj", "{C90D55B5-DD11-4AA5-9564-4AD643068880}"
EndProject
Project("{FAE04EC0-301F-11D3-BF4B-00C04F79EFBC}") = "FLAMASTE", "FLAMASTE\FLAMASTE.csproj", "{985FA984-807B-46B2-8DB2-74F246A1F71C}"
EndProject
Project("{8BC9CEB8-8B4A-11D0-8D11-00A0C91BC942}") = "ROWNANIE", "ROWNANIE\ROWNANIE.vcxproj", "{AD399B6A-A5D8-47D2-A49F-FC82BCC76BE0}"
EndProject
Project("{FAE04EC0-301F-11D3-BF4B-00C04F79EFBC}") = "TABLICA", "TABLICA\TABLICA.csproj", "{90F1E2FD-9340-4826-AC51-DF7828F04061}"
EndProject
Project("{8BC9CEB8-8B4A-11D0-8D11-00A0C91BC942}") = "JROWLIN", "JROWLIN\JROWLIN.vcxproj", "{AFFB94C1-63D1-4119-BD50-C31B19B0B1F4}"
EndProject
Global
	GlobalSection(SolutionConfigurationPlatforms) = preSolution
		Debug|Any CPU = Debug|Any CPU
		Debug|x64 = Debug|x64
		Debug|x86 = Debug|x86
		Release|Any CPU = Release|Any CPU
		Release|x64 = Release|x64
		Release|x86 = Release|x86
	EndGlobalSection
	GlobalSection(ProjectConfigurationPlatforms) = postSolution
		{8079E290-F067-4530-8C19-06F68BB66D35}.Debug|Any CPU.ActiveCfg = Debug|Any CPU
		{8079E290-F067-4530-8C19-06F68BB66D35}.Debug|Any CPU.Build.0 = Debug|Any CPU
		{8079E290-F067-4530-8C19-06F68BB66D35}.Debug|x64.ActiveCfg = Debug|Any CPU
		{8079E290-F067-4530-8C19-06F68BB66D35}.Debug|x64.Build.0 = Debug|Any CPU
		{8079E290-F067-4530-8C19-06F68BB66D35}.Debug|x86.ActiveCfg = Debug|Any CPU
		{8079E290-F067-4530-8C19-06F68BB66D35}.Debug|x86.Build.0 = Debug|Any CPU
		{8079E290-F067-4530-8C19-06F68BB66D35}.Release|Any CPU.ActiveCfg = Release|Any CPU
		{8079E290-F067-4530-8C19-06F68BB66D35}.Release|Any CPU.Build.0 = Release|Any CPU
		{8079E290-F067-4530-8C19-06F68BB66D35}.Release|x64.ActiveCfg = Release|Any CPU
		{8079E290-F067-4530-8C19-06F68BB66D35}.Release|x64.Build.0 = Release|Any CPU
		{8079E290-F067-4530-8C19-06F68BB66D35}.Release|x86.ActiveCfg = Release|Any CPU
		{8079E290-F067-4530-8C19-06F68BB66D35}.Release|x86.Build.0 = Release|Any CPU
		{0DBEEB38-44CA-4CEB-9741-ACD5D75BF66C}.Debug|Any CPU.ActiveCfg = Debug|Any CPU
		{0DBEEB38-44CA-4CEB-9741-ACD5D75BF66C}.Debug|Any CPU.Build.0 = Debug|Any CPU
		{0DBEEB38-44CA-4CEB-9741-ACD5D75BF66C}.Debug|x64.ActiveCfg = Debug|Any CPU
		{0DBEEB38-44CA-4CEB-9741-ACD5D75BF66C}.Debug|x64.Build.0 = Debug|Any CPU
		{0DBEEB38-44CA-4CEB-9741-ACD5D75BF66C}.Debug|x86.ActiveCfg = Debug|Any CPU
		{0DBEEB38-44CA-4CEB-9741-ACD5D75BF66C}.Debug|x86.Build.0 = Debug|Any CPU
		{0DBEEB38-44CA-4CEB-9741-ACD5D75BF66C}.Release|Any CPU.ActiveCfg = Release|Any CPU
		{0DBEEB38-44CA-4CEB-9741-ACD5D75BF66C}.Release|Any CPU.Build.0 = Release|Any CPU
		{0DBEEB38-44CA-4CEB-9741-ACD5D75BF66C}.Release|x64.ActiveCfg = Release|Any CPU
		{0DBEEB38-44CA-4CEB-9741-ACD5D75BF66C}.Release|x64.Build.0 = Release|Any CPU
		{0DBEEB38-44CA-4CEB-9741-ACD5D75BF66C}.Release|x86.ActiveCfg = Release|Any CPU
		{0DBEEB38-44CA-4CEB-9741-ACD5D75BF66C}.Release|x86.Build.0 = Release|Any CPU
		{ECE3D79C-B502-43B9-971C-E83D72712DF9}.Debug|Any CPU.ActiveCfg = Debug|Any CPU
		{ECE3D79C-B502-43B9-971C-E83D72712DF9}.Debug|Any CPU.Build.0 = Debug|Any CPU
		{ECE3D79C-B502-43B9-971C-E83D72712DF9}.Debug|x64.ActiveCfg = Debug|Any CPU
		{ECE3D79C-B502-43B9-971C-E83D72712DF9}.Debug|x64.Build.0 = Debug|Any CPU
		{ECE3D79C-B502-43B9-971C-E83D72712DF9}.Debug|x86.ActiveCfg = Debug|Any CPU
		{ECE3D79C-B502-43B9-971C-E83D72712DF9}.Debug|x86.Build.0 = Debug|Any CPU
		{ECE3D79C-B502-43B9-971C-E83D72712DF9}.Release|Any CPU.ActiveCfg = Release|Any CPU
		{ECE3D79C-B502-43B9-971C-E83D72712DF9}.Release|Any CPU.Build.0 = Release|Any CPU
		{ECE3D79C-B502-43B9-971C-E83D72712DF9}.Release|x64.ActiveCfg = Release|Any CPU
		{ECE3D79C-B502-43B9-971C-E83D72712DF9}.Release|x64.Build.0 = Release|Any CPU
		{ECE3D79C-B502-43B9-971C-E83D72712DF9}.Release|x86.ActiveCfg = Release|Any CPU
		{ECE3D79C-B502-43B9-971C-E83D72712DF9}.Release|x86.Build.0 = Release|Any CPU
		{3C88DB5D-0A05-46DA-BE71-12138699A7D2}.Debug|Any CPU.ActiveCfg = Debug|Any CPU
		{3C88DB5D-0A05-46DA-BE71-12138699A7D2}.Debug|Any CPU.Build.0 = Debug|Any CPU
		{3C88DB5D-0A05-46DA-BE71-12138699A7D2}.Debug|x64.ActiveCfg = Debug|Any CPU
		{3C88DB5D-0A05-46DA-BE71-12138699A7D2}.Debug|x64.Build.0 = Debug|Any CPU
		{3C88DB5D-0A05-46DA-BE71-12138699A7D2}.Debug|x86.ActiveCfg = Debug|Any CPU
		{3C88DB5D-0A05-46DA-BE71-12138699A7D2}.Debug|x86.Build.0 = Debug|Any CPU
		{3C88DB5D-0A05-46DA-BE71-12138699A7D2}.Release|Any CPU.ActiveCfg = Release|Any CPU
		{3C88DB5D-0A05-46DA-BE71-12138699A7D2}.Release|Any CPU.Build.0 = Release|Any CPU
		{3C88DB5D-0A05-46DA-BE71-12138699A7D2}.Release|x64.ActiveCfg = Release|Any CPU
		{3C88DB5D-0A05-46DA-BE71-12138699A7D2}.Release|x64.Build.0 = Release|Any CPU
		{3C88DB5D-0A05-46DA-BE71-12138699A7D2}.Release|x86.ActiveCfg = Release|Any CPU
		{3C88DB5D-0A05-46DA-BE71-12138699A7D2}.Release|x86.Build.0 = Release|Any CPU
		{D81AE68E-0FB7-45B7-AFE7-2497455F11F7}.Debug|Any CPU.ActiveCfg = Debug|Any CPU
		{D81AE68E-0FB7-45B7-AFE7-2497455F11F7}.Debug|Any CPU.Build.0 = Debug|Any CPU
		{D81AE68E-0FB7-45B7-AFE7-2497455F11F7}.Debug|x64.ActiveCfg = Debug|Any CPU
		{D81AE68E-0FB7-45B7-AFE7-2497455F11F7}.Debug|x64.Build.0 = Debug|Any CPU
		{D81AE68E-0FB7-45B7-AFE7-2497455F11F7}.Debug|x86.ActiveCfg = Debug|Any CPU
		{D81AE68E-0FB7-45B7-AFE7-2497455F11F7}.Debug|x86.Build.0 = Debug|Any CPU
		{D81AE68E-0FB7-45B7-AFE7-2497455F11F7}.Release|Any CPU.ActiveCfg = Release|Any CPU
		{D81AE68E-0FB7-45B7-AFE7-2497455F11F7}.Release|Any CPU.Build.0 = Release|Any CPU
		{D81AE68E-0FB7-45B7-AFE7-2497455F11F7}.Release|x64.ActiveCfg = Release|Any CPU
		{D81AE68E-0FB7-45B7-AFE7-2497455F11F7}.Release|x64.Build.0 = Release|Any CPU
		{D81AE68E-0FB7-45B7-AFE7-2497455F11F7}.Release|x86.ActiveCfg = Release|Any CPU
		{D81AE68E-0FB7-45B7-AFE7-2497455F11F7}.Release|x86.Build.0 = Release|Any CPU
		{D8E04085-4F7F-4AA4-9F6B-60CAA218149D}.Debug|Any CPU.ActiveCfg = Debug|Any CPU
		{D8E04085-4F7F-4AA4-9F6B-60CAA218149D}.Debug|Any CPU.Build.0 = Debug|Any CPU
		{D8E04085-4F7F-4AA4-9F6B-60CAA218149D}.Debug|x64.ActiveCfg = Debug|Any CPU
		{D8E04085-4F7F-4AA4-9F6B-60CAA218149D}.Debug|x64.Build.0 = Debug|Any CPU
		{D8E04085-4F7F-4AA4-9F6B-60CAA218149D}.Debug|x86.ActiveCfg = Debug|Any CPU
		{D8E04085-4F7F-4AA4-9F6B-60CAA218149D}.Debug|x86.Build.0 = Debug|Any CPU
		{D8E04085-4F7F-4AA4-9F6B-60CAA218149D}.Release|Any CPU.ActiveCfg = Release|Any CPU
		{D8E04085-4F7F-4AA4-9F6B-60CAA218149D}.Release|Any CPU.Build.0 = Release|Any CPU
		{D8E04085-4F7F-4AA4-9F6B-60CAA218149D}.Release|x64.ActiveCfg = Release|Any CPU
		{D8E04085-4F7F-4AA4-9F6B-60CAA218149D}.Release|x64.Build.0 = Release|Any CPU
		{D8E04085-4F7F-4AA4-9F6B-60CAA218149D}.Release|x86.ActiveCfg = Release|Any CPU
		{D8E04085-4F7F-4AA4-9F6B-60CAA218149D}.Release|x86.Build.0 = Release|Any CPU
		{E3B3F5AE-CE71-4CDF-AD26-BF3C04C2B75B}.Debug|Any CPU.ActiveCfg = Debug|Any CPU
		{E3B3F5AE-CE71-4CDF-AD26-BF3C04C2B75B}.Debug|Any CPU.Build.0 = Debug|Any CPU
		{E3B3F5AE-CE71-4CDF-AD26-BF3C04C2B75B}.Debug|x64.ActiveCfg = Debug|Any CPU
		{E3B3F5AE-CE71-4CDF-AD26-BF3C04C2B75B}.Debug|x64.Build.0 = Debug|Any CPU
		{E3B3F5AE-CE71-4CDF-AD26-BF3C04C2B75B}.Debug|x86.ActiveCfg = Debug|Any CPU
		{E3B3F5AE-CE71-4CDF-AD26-BF3C04C2B75B}.Debug|x86.Build.0 = Debug|Any CPU
		{E3B3F5AE-CE71-4CDF-AD26-BF3C04C2B75B}.Release|Any CPU.ActiveCfg = Release|Any CPU
		{E3B3F5AE-CE71-4CDF-AD26-BF3C04C2B75B}.Release|Any CPU.Build.0 = Release|Any CPU
		{E3B3F5AE-CE71-4CDF-AD26-BF3C04C2B75B}.Release|x64.ActiveCfg = Release|Any CPU
		{E3B3F5AE-CE71-4CDF-AD26-BF3C04C2B75B}.Release|x64.Build.0 = Release|Any CPU
		{E3B3F5AE-CE71-4CDF-AD26-BF3C04C2B75B}.Release|x86.ActiveCfg = Release|Any CPU
		{E3B3F5AE-CE71-4CDF-AD26-BF3C04C2B75B}.Release|x86.Build.0 = Release|Any CPU
		{6EAB4288-3102-4C6D-BDF9-9838895ACB13}.Debug|Any CPU.ActiveCfg = Debug|Any CPU
		{6EAB4288-3102-4C6D-BDF9-9838895ACB13}.Debug|Any CPU.Build.0 = Debug|Any CPU
		{6EAB4288-3102-4C6D-BDF9-9838895ACB13}.Debug|x64.ActiveCfg = Debug|Any CPU
		{6EAB4288-3102-4C6D-BDF9-9838895ACB13}.Debug|x64.Build.0 = Debug|Any CPU
		{6EAB4288-3102-4C6D-BDF9-9838895ACB13}.Debug|x86.ActiveCfg = Debug|Any CPU
		{6EAB4288-3102-4C6D-BDF9-9838895ACB13}.Debug|x86.Build.0 = Debug|Any CPU
		{6EAB4288-3102-4C6D-BDF9-9838895ACB13}.Release|Any CPU.ActiveCfg = Release|Any CPU
		{6EAB4288-3102-4C6D-BDF9-9838895ACB13}.Release|Any CPU.Build.0 = Release|Any CPU
		{6EAB4288-3102-4C6D-BDF9-9838895ACB13}.Release|x64.ActiveCfg = Release|Any CPU
		{6EAB4288-3102-4C6D-BDF9-9838895ACB13}.Release|x64.Build.0 = Release|Any CPU
		{6EAB4288-3102-4C6D-BDF9-9838895ACB13}.Release|x86.ActiveCfg = Release|Any CPU
		{6EAB4288-3102-4C6D-BDF9-9838895ACB13}.Release|x86.Build.0 = Release|Any CPU
		{297EA8A5-6648-4754-A0BF-089A4814BA68}.Debug|Any CPU.ActiveCfg = Debug|Any CPU
		{297EA8A5-6648-4754-A0BF-089A4814BA68}.Debug|Any CPU.Build.0 = Debug|Any CPU
		{297EA8A5-6648-4754-A0BF-089A4814BA68}.Debug|x64.ActiveCfg = Debug|Any CPU
		{297EA8A5-6648-4754-A0BF-089A4814BA68}.Debug|x64.Build.0 = Debug|Any CPU
		{297EA8A5-6648-4754-A0BF-089A4814BA68}.Debug|x86.ActiveCfg = Debug|Any CPU
		{297EA8A5-6648-4754-A0BF-089A4814BA68}.Debug|x86.Build.0 = Debug|Any CPU
		{297EA8A5-6648-4754-A0BF-089A4814BA68}.Release|Any CPU.ActiveCfg = Release|Any CPU
		{297EA8A5-6648-4754-A0BF-089A4814BA68}.Release|Any CPU.Build.0 = Release|Any CPU
		{297EA8A5-6648-4754-A0BF-089A4814BA68}.Release|x64.ActiveCfg = Release|Any CPU
		{297EA8A5-6648-4754-A0BF-089A4814BA68}.Release|x64.Build.0 = Release|Any CPU
		{297EA8A5-6648-4754-A0BF-089A4814BA68}.Release|x86.ActiveCfg = Release|Any CPU
		{297EA8A5-6648-4754-A0BF-089A4814BA68}.Release|x86.Build.0 = Release|Any CPU
		{D26B9026-A18F-42AF-878A-9D308E315431}.Debug|Any CPU.ActiveCfg = Debug|Any CPU
		{D26B9026-A18F-42AF-878A-9D308E315431}.Debug|Any CPU.Build.0 = Debug|Any CPU
		{D26B9026-A18F-42AF-878A-9D308E315431}.Debug|x64.ActiveCfg = Debug|Any CPU
		{D26B9026-A18F-42AF-878A-9D308E315431}.Debug|x64.Build.0 = Debug|Any CPU
		{D26B9026-A18F-42AF-878A-9D308E315431}.Debug|x86.ActiveCfg = Debug|Any CPU
		{D26B9026-A18F-42AF-878A-9D308E315431}.Debug|x86.Build.0 = Debug|Any CPU
		{D26B9026-A18F-42AF-878A-9D308E315431}.Release|Any CPU.ActiveCfg = Release|Any CPU
		{D26B9026-A18F-42AF-878A-9D308E315431}.Release|Any CPU.Build.0 = Release|Any CPU
		{D26B9026-A18F-42AF-878A-9D308E315431}.Release|x64.ActiveCfg = Release|Any CPU
		{D26B9026-A18F-42AF-878A-9D308E315431}.Release|x64.Build.0 = Release|Any CPU
		{D26B9026-A18F-42AF-878A-9D308E315431}.Release|x86.ActiveCfg = Release|Any CPU
		{D26B9026-A18F-42AF-878A-9D308E315431}.Release|x86.Build.0 = Release|Any CPU
		{4D4A8E7D-82D0-4B9A-8384-F3200B9DA3DE}.Debug|Any CPU.ActiveCfg = Debug|Any CPU
		{4D4A8E7D-82D0-4B9A-8384-F3200B9DA3DE}.Debug|Any CPU.Build.0 = Debug|Any CPU
		{4D4A8E7D-82D0-4B9A-8384-F3200B9DA3DE}.Debug|x64.ActiveCfg = Debug|Any CPU
		{4D4A8E7D-82D0-4B9A-8384-F3200B9DA3DE}.Debug|x64.Build.0 = Debug|Any CPU
		{4D4A8E7D-82D0-4B9A-8384-F3200B9DA3DE}.Debug|x86.ActiveCfg = Debug|Any CPU
		{4D4A8E7D-82D0-4B9A-8384-F3200B9DA3DE}.Debug|x86.Build.0 = Debug|Any CPU
		{4D4A8E7D-82D0-4B9A-8384-F3200B9DA3DE}.Release|Any CPU.ActiveCfg = Release|Any CPU
		{4D4A8E7D-82D0-4B9A-8384-F3200B9DA3DE}.Release|Any CPU.Build.0 = Release|Any CPU
		{4D4A8E7D-82D0-4B9A-8384-F3200B9DA3DE}.Release|x64.ActiveCfg = Release|Any CPU
		{4D4A8E7D-82D0-4B9A-8384-F3200B9DA3DE}.Release|x64.Build.0 = Release|Any CPU
		{4D4A8E7D-82D0-4B9A-8384-F3200B9DA3DE}.Release|x86.ActiveCfg = Release|Any CPU
		{4D4A8E7D-82D0-4B9A-8384-F3200B9DA3DE}.Release|x86.Build.0 = Release|Any CPU
		{D35C4D10-E5D4-44F8-BF06-435BD7A66727}.Debug|Any CPU.ActiveCfg = Debug|Any CPU
		{D35C4D10-E5D4-44F8-BF06-435BD7A66727}.Debug|Any CPU.Build.0 = Debug|Any CPU
		{D35C4D10-E5D4-44F8-BF06-435BD7A66727}.Debug|x64.ActiveCfg = Debug|Any CPU
		{D35C4D10-E5D4-44F8-BF06-435BD7A66727}.Debug|x64.Build.0 = Debug|Any CPU
		{D35C4D10-E5D4-44F8-BF06-435BD7A66727}.Debug|x86.ActiveCfg = Debug|Any CPU
		{D35C4D10-E5D4-44F8-BF06-435BD7A66727}.Debug|x86.Build.0 = Debug|Any CPU
		{D35C4D10-E5D4-44F8-BF06-435BD7A66727}.Release|Any CPU.ActiveCfg = Release|Any CPU
		{D35C4D10-E5D4-44F8-BF06-435BD7A66727}.Release|Any CPU.Build.0 = Release|Any CPU
		{D35C4D10-E5D4-44F8-BF06-435BD7A66727}.Release|x64.ActiveCfg = Release|Any CPU
		{D35C4D10-E5D4-44F8-BF06-435BD7A66727}.Release|x64.Build.0 = Release|Any CPU
		{D35C4D10-E5D4-44F8-BF06-435BD7A66727}.Release|x86.ActiveCfg = Release|Any CPU
		{D35C4D10-E5D4-44F8-BF06-435BD7A66727}.Release|x86.Build.0 = Release|Any CPU
		{01232CFD-FE51-4D4F-893A-6E2C13718EE2}.Debug|Any CPU.ActiveCfg = Debug|Any CPU
		{01232CFD-FE51-4D4F-893A-6E2C13718EE2}.Debug|Any CPU.Build.0 = Debug|Any CPU
		{01232CFD-FE51-4D4F-893A-6E2C13718EE2}.Debug|x64.ActiveCfg = Debug|Any CPU
		{01232CFD-FE51-4D4F-893A-6E2C13718EE2}.Debug|x64.Build.0 = Debug|Any CPU
		{01232CFD-FE51-4D4F-893A-6E2C13718EE2}.Debug|x86.ActiveCfg = Debug|Any CPU
		{01232CFD-FE51-4D4F-893A-6E2C13718EE2}.Debug|x86.Build.0 = Debug|Any CPU
		{01232CFD-FE51-4D4F-893A-6E2C13718EE2}.Release|Any CPU.ActiveCfg = Release|Any CPU
		{01232CFD-FE51-4D4F-893A-6E2C13718EE2}.Release|Any CPU.Build.0 = Release|Any CPU
		{01232CFD-FE51-4D4F-893A-6E2C13718EE2}.Release|x64.ActiveCfg = Release|Any CPU
		{01232CFD-FE51-4D4F-893A-6E2C13718EE2}.Release|x64.Build.0 = Release|Any CPU
		{01232CFD-FE51-4D4F-893A-6E2C13718EE2}.Release|x86.ActiveCfg = Release|Any CPU
		{01232CFD-FE51-4D4F-893A-6E2C13718EE2}.Release|x86.Build.0 = Release|Any CPU
		{BE9349E6-0336-461C-B277-44FA97B8B49E}.Debug|Any CPU.ActiveCfg = Debug|Any CPU
		{BE9349E6-0336-461C-B277-44FA97B8B49E}.Debug|Any CPU.Build.0 = Debug|Any CPU
		{BE9349E6-0336-461C-B277-44FA97B8B49E}.Debug|x64.ActiveCfg = Debug|Any CPU
		{BE9349E6-0336-461C-B277-44FA97B8B49E}.Debug|x64.Build.0 = Debug|Any CPU
		{BE9349E6-0336-461C-B277-44FA97B8B49E}.Debug|x86.ActiveCfg = Debug|Any CPU
		{BE9349E6-0336-461C-B277-44FA97B8B49E}.Debug|x86.Build.0 = Debug|Any CPU
		{BE9349E6-0336-461C-B277-44FA97B8B49E}.Release|Any CPU.ActiveCfg = Release|Any CPU
		{BE9349E6-0336-461C-B277-44FA97B8B49E}.Release|Any CPU.Build.0 = Release|Any CPU
		{BE9349E6-0336-461C-B277-44FA97B8B49E}.Release|x64.ActiveCfg = Release|Any CPU
		{BE9349E6-0336-461C-B277-44FA97B8B49E}.Release|x64.Build.0 = Release|Any CPU
		{BE9349E6-0336-461C-B277-44FA97B8B49E}.Release|x86.ActiveCfg = Release|Any CPU
		{BE9349E6-0336-461C-B277-44FA97B8B49E}.Release|x86.Build.0 = Release|Any CPU
		{8A94C717-D1E4-4B9B-B804-291CCDDAE2AB}.Debug|Any CPU.ActiveCfg = Debug|Any CPU
		{8A94C717-D1E4-4B9B-B804-291CCDDAE2AB}.Debug|Any CPU.Build.0 = Debug|Any CPU
		{8A94C717-D1E4-4B9B-B804-291CCDDAE2AB}.Debug|x64.ActiveCfg = Debug|Any CPU
		{8A94C717-D1E4-4B9B-B804-291CCDDAE2AB}.Debug|x64.Build.0 = Debug|Any CPU
		{8A94C717-D1E4-4B9B-B804-291CCDDAE2AB}.Debug|x86.ActiveCfg = Debug|Any CPU
		{8A94C717-D1E4-4B9B-B804-291CCDDAE2AB}.Debug|x86.Build.0 = Debug|Any CPU
		{8A94C717-D1E4-4B9B-B804-291CCDDAE2AB}.Release|Any CPU.ActiveCfg = Release|Any CPU
		{8A94C717-D1E4-4B9B-B804-291CCDDAE2AB}.Release|Any CPU.Build.0 = Release|Any CPU
		{8A94C717-D1E4-4B9B-B804-291CCDDAE2AB}.Release|x64.ActiveCfg = Release|Any CPU
		{8A94C717-D1E4-4B9B-B804-291CCDDAE2AB}.Release|x64.Build.0 = Release|Any CPU
		{8A94C717-D1E4-4B9B-B804-291CCDDAE2AB}.Release|x86.ActiveCfg = Release|Any CPU
		{8A94C717-D1E4-4B9B-B804-291CCDDAE2AB}.Release|x86.Build.0 = Release|Any CPU
		{0425E34D-891F-46E5-AA2D-4FF8CDCDF82F}.Debug|Any CPU.ActiveCfg = Debug|Any CPU
		{0425E34D-891F-46E5-AA2D-4FF8CDCDF82F}.Debug|Any CPU.Build.0 = Debug|Any CPU
		{0425E34D-891F-46E5-AA2D-4FF8CDCDF82F}.Debug|x64.ActiveCfg = Debug|Any CPU
		{0425E34D-891F-46E5-AA2D-4FF8CDCDF82F}.Debug|x64.Build.0 = Debug|Any CPU
		{0425E34D-891F-46E5-AA2D-4FF8CDCDF82F}.Debug|x86.ActiveCfg = Debug|Any CPU
		{0425E34D-891F-46E5-AA2D-4FF8CDCDF82F}.Debug|x86.Build.0 = Debug|Any CPU
		{0425E34D-891F-46E5-AA2D-4FF8CDCDF82F}.Release|Any CPU.ActiveCfg = Release|Any CPU
		{0425E34D-891F-46E5-AA2D-4FF8CDCDF82F}.Release|Any CPU.Build.0 = Release|Any CPU
		{0425E34D-891F-46E5-AA2D-4FF8CDCDF82F}.Release|x64.ActiveCfg = Release|Any CPU
		{0425E34D-891F-46E5-AA2D-4FF8CDCDF82F}.Release|x64.Build.0 = Release|Any CPU
		{0425E34D-891F-46E5-AA2D-4FF8CDCDF82F}.Release|x86.ActiveCfg = Release|Any CPU
		{0425E34D-891F-46E5-AA2D-4FF8CDCDF82F}.Release|x86.Build.0 = Release|Any CPU
		{DA28D020-F9FE-4186-99D6-0CE4E3C2F9D4}.Debug|Any CPU.ActiveCfg = Debug|Any CPU
		{DA28D020-F9FE-4186-99D6-0CE4E3C2F9D4}.Debug|Any CPU.Build.0 = Debug|Any CPU
		{DA28D020-F9FE-4186-99D6-0CE4E3C2F9D4}.Debug|x64.ActiveCfg = Debug|Any CPU
		{DA28D020-F9FE-4186-99D6-0CE4E3C2F9D4}.Debug|x64.Build.0 = Debug|Any CPU
		{DA28D020-F9FE-4186-99D6-0CE4E3C2F9D4}.Debug|x86.ActiveCfg = Debug|Any CPU
		{DA28D020-F9FE-4186-99D6-0CE4E3C2F9D4}.Debug|x86.Build.0 = Debug|Any CPU
		{DA28D020-F9FE-4186-99D6-0CE4E3C2F9D4}.Release|Any CPU.ActiveCfg = Release|Any CPU
		{DA28D020-F9FE-4186-99D6-0CE4E3C2F9D4}.Release|Any CPU.Build.0 = Release|Any CPU
		{DA28D020-F9FE-4186-99D6-0CE4E3C2F9D4}.Release|x64.ActiveCfg = Release|Any CPU
		{DA28D020-F9FE-4186-99D6-0CE4E3C2F9D4}.Release|x64.Build.0 = Release|Any CPU
		{DA28D020-F9FE-4186-99D6-0CE4E3C2F9D4}.Release|x86.ActiveCfg = Release|Any CPU
		{DA28D020-F9FE-4186-99D6-0CE4E3C2F9D4}.Release|x86.Build.0 = Release|Any CPU
		{C90D55B5-DD11-4AA5-9564-4AD643068880}.Debug|Any CPU.ActiveCfg = Debug|Win32
		{C90D55B5-DD11-4AA5-9564-4AD643068880}.Debug|x64.ActiveCfg = Debug|x64
		{C90D55B5-DD11-4AA5-9564-4AD643068880}.Debug|x64.Build.0 = Debug|x64
		{C90D55B5-DD11-4AA5-9564-4AD643068880}.Debug|x86.ActiveCfg = Debug|Win32
		{C90D55B5-DD11-4AA5-9564-4AD643068880}.Debug|x86.Build.0 = Debug|Win32
		{C90D55B5-DD11-4AA5-9564-4AD643068880}.Release|Any CPU.ActiveCfg = Release|Win32
		{C90D55B5-DD11-4AA5-9564-4AD643068880}.Release|x64.ActiveCfg = Release|x64
		{C90D55B5-DD11-4AA5-9564-4AD643068880}.Release|x64.Build.0 = Release|x64
		{C90D55B5-DD11-4AA5-9564-4AD643068880}.Release|x86.ActiveCfg = Release|Win32
		{C90D55B5-DD11-4AA5-9564-4AD643068880}.Release|x86.Build.0 = Release|Win32
		{985FA984-807B-46B2-8DB2-74F246A1F71C}.Debug|Any CPU.ActiveCfg = Debug|Any CPU
		{985FA984-807B-46B2-8DB2-74F246A1F71C}.Debug|Any CPU.Build.0 = Debug|Any CPU
		{985FA984-807B-46B2-8DB2-74F246A1F71C}.Debug|x64.ActiveCfg = Debug|Any CPU
		{985FA984-807B-46B2-8DB2-74F246A1F71C}.Debug|x64.Build.0 = Debug|Any CPU
		{985FA984-807B-46B2-8DB2-74F246A1F71C}.Debug|x86.ActiveCfg = Debug|Any CPU
		{985FA984-807B-46B2-8DB2-74F246A1F71C}.Debug|x86.Build.0 = Debug|Any CPU
		{985FA984-807B-46B2-8DB2-74F246A1F71C}.Release|Any CPU.ActiveCfg = Release|Any CPU
		{985FA984-807B-46B2-8DB2-74F246A1F71C}.Release|Any CPU.Build.0 = Release|Any CPU
		{985FA984-807B-46B2-8DB2-74F246A1F71C}.Release|x64.ActiveCfg = Release|Any CPU
		{985FA984-807B-46B2-8DB2-74F246A1F71C}.Release|x64.Build.0 = Release|Any CPU
		{985FA984-807B-46B2-8DB2-74F246A1F71C}.Release|x86.ActiveCfg = Release|Any CPU
		{985FA984-807B-46B2-8DB2-74F246A1F71C}.Release|x86.Build.0 = Release|Any CPU
		{AD399B6A-A5D8-47D2-A49F-FC82BCC76BE0}.Debug|Any CPU.ActiveCfg = Debug|Win32
		{AD399B6A-A5D8-47D2-A49F-FC82BCC76BE0}.Debug|x64.ActiveCfg = Debug|x64
		{AD399B6A-A5D8-47D2-A49F-FC82BCC76BE0}.Debug|x64.Build.0 = Debug|x64
		{AD399B6A-A5D8-47D2-A49F-FC82BCC76BE0}.Debug|x86.ActiveCfg = Debug|Win32
		{AD399B6A-A5D8-47D2-A49F-FC82BCC76BE0}.Debug|x86.Build.0 = Debug|Win32
		{AD399B6A-A5D8-47D2-A49F-FC82BCC76BE0}.Release|Any CPU.ActiveCfg = Release|Win32
		{AD399B6A-A5D8-47D2-A49F-FC82BCC76BE0}.Release|x64.ActiveCfg = Release|x64
		{AD399B6A-A5D8-47D2-A49F-FC82BCC76BE0}.Release|x64.Build.0 = Release|x64
		{AD399B6A-A5D8-47D2-A49F-FC82BCC76BE0}.Release|x86.ActiveCfg = Release|Win32
		{AD399B6A-A5D8-47D2-A49F-FC82BCC76BE0}.Release|x86.Build.0 = Release|Win32
		{90F1E2FD-9340-4826-AC51-DF7828F04061}.Debug|Any CPU.ActiveCfg = Debug|Any CPU
		{90F1E2FD-9340-4826-AC51-DF7828F04061}.Debug|Any CPU.Build.0 = Debug|Any CPU
		{90F1E2FD-9340-4826-AC51-DF7828F04061}.Debug|x64.ActiveCfg = Debug|Any CPU
		{90F1E2FD-9340-4826-AC51-DF7828F04061}.Debug|x64.Build.0 = Debug|Any CPU
		{90F1E2FD-9340-4826-AC51-DF7828F04061}.Debug|x86.ActiveCfg = Debug|Any CPU
		{90F1E2FD-9340-4826-AC51-DF7828F04061}.Debug|x86.Build.0 = Debug|Any CPU
		{90F1E2FD-9340-4826-AC51-DF7828F04061}.Release|Any CPU.ActiveCfg = Release|Any CPU
		{90F1E2FD-9340-4826-AC51-DF7828F04061}.Release|Any CPU.Build.0 = Release|Any CPU
		{90F1E2FD-9340-4826-AC51-DF7828F04061}.Release|x64.ActiveCfg = Release|Any CPU
		{90F1E2FD-9340-4826-AC51-DF7828F04061}.Release|x64.Build.0 = Release|Any CPU
		{90F1E2FD-9340-4826-AC51-DF7828F04061}.Release|x86.ActiveCfg = Release|Any CPU
		{90F1E2FD-9340-4826-AC51-DF7828F04061}.Release|x86.Build.0 = Release|Any CPU
		{AFFB94C1-63D1-4119-BD50-C31B19B0B1F4}.Debug|Any CPU.ActiveCfg = Debug|Win32
		{AFFB94C1-63D1-4119-BD50-C31B19B0B1F4}.Debug|x64.ActiveCfg = Debug|x64
		{AFFB94C1-63D1-4119-BD50-C31B19B0B1F4}.Debug|x64.Build.0 = Debug|x64
		{AFFB94C1-63D1-4119-BD50-C31B19B0B1F4}.Debug|x86.ActiveCfg = Debug|Win32
		{AFFB94C1-63D1-4119-BD50-C31B19B0B1F4}.Debug|x86.Build.0 = Debug|Win32
		{AFFB94C1-63D1-4119-BD50-C31B19B0B1F4}.Release|Any CPU.ActiveCfg = Release|Win32
		{AFFB94C1-63D1-4119-BD50-C31B19B0B1F4}.Release|x64.ActiveCfg = Release|x64
		{AFFB94C1-63D1-4119-BD50-C31B19B0B1F4}.Release|x64.Build.0 = Release|x64
		{AFFB94C1-63D1-4119-BD50-C31B19B0B1F4}.Release|x86.ActiveCfg = Release|Win32
		{AFFB94C1-63D1-4119-BD50-C31B19B0B1F4}.Release|x86.Build.0 = Release|Win32
	EndGlobalSection
	GlobalSection(SolutionProperties) = preSolution
		HideSolutionNode = FALSE
	EndGlobalSection
	GlobalSection(ExtensibilityGlobals) = postSolution
		SolutionGuid = {6EFEC759-0967-4EDD-BF19-EC6145F75881}
	EndGlobalSection
EndGlobal
